
Microsoft Visual Studio Solution File, Format Version 12.00
# Visual Studio Version 17
VisualStudioVersion = 17.4.33110.190
MinimumVisualStudioVersion = 10.0.40219.1
Project("{FAE04EC0-301F-11D3-BF4B-00C04F79EFBC}") = "TestConsoleApp", "TestConsoleApp\TestConsoleApp.csproj", "{7365D3DF-ECC4-46DF-AE6E-6BDF54C73BE1}"
EndProject
Global
	GlobalSection(SolutionConfigurationPlatforms) = preSolution
		Debug|Any CPU = Debug|Any CPU
		Release|Any CPU = Release|Any CPU
	EndGlobalSection
	GlobalSection(ProjectConfigurationPlatforms) = postSolution
		{7365D3DF-ECC4-46DF-AE6E-6BDF54C73BE1}.Debug|Any CPU.ActiveCfg = Debug|Any CPU
		{7365D3DF-ECC4-46DF-AE6E-6BDF54C73BE1}.Debug|Any CPU.Build.0 = Debug|Any CPU
		{7365D3DF-ECC4-46DF-AE6E-6BDF54C73BE1}.Release|Any CPU.ActiveCfg = Release|Any CPU
		{7365D3DF-ECC4-46DF-AE6E-6BDF54C73BE1}.Release|Any CPU.Build.0 = Release|Any CPU
	EndGlobalSection
	GlobalSection(SolutionProperties) = preSolution
		HideSolutionNode = FALSE
	EndGlobalSection
	GlobalSection(ExtensibilityGlobals) = postSolution
		SolutionGuid = {7A0951F0-D662-4EF1-893D-E7C49FD37C29}
	EndGlobalSection
EndGlobal
